
Microsoft Visual Studio Solution File, Format Version 12.00
# Visual Studio Version 17
VisualStudioVersion = 17.14.36327.8 d17.14
MinimumVisualStudioVersion = 10.0.40219.1
Project("{FAE04EC0-301F-11D3-BF4B-00C04F79EFBC}") = "Dashboard", "Dashboard\Dashboard.csproj", "{0F8763A3-4EF3-4844-AB89-0EBE04B83280}"
EndProject
Global
	GlobalSection(SolutionConfigurationPlatforms) = preSolution
		Debug|Any CPU = Debug|Any CPU
		Release|Any CPU = Release|Any CPU
	EndGlobalSection
	GlobalSection(ProjectConfigurationPlatforms) = postSolution
		{0F8763A3-4EF3-4844-AB89-0EBE04B83280}.Debug|Any CPU.ActiveCfg = Debug|Any CPU
		{0F8763A3-4EF3-4844-AB89-0EBE04B83280}.Debug|Any CPU.Build.0 = Debug|Any CPU
		{0F8763A3-4EF3-4844-AB89-0EBE04B83280}.Debug|Any CPU.Deploy.0 = Debug|Any CPU
		{0F8763A3-4EF3-4844-AB89-0EBE04B83280}.Release|Any CPU.ActiveCfg = Release|Any CPU
		{0F8763A3-4EF3-4844-AB89-0EBE04B83280}.Release|Any CPU.Build.0 = Release|Any CPU
		{0F8763A3-4EF3-4844-AB89-0EBE04B83280}.Release|Any CPU.Deploy.0 = Release|Any CPU
	EndGlobalSection
	GlobalSection(SolutionProperties) = preSolution
		HideSolutionNode = FALSE
	EndGlobalSection
	GlobalSection(ExtensibilityGlobals) = postSolution
		SolutionGuid = {39E265CC-3ECC-46DD-8421-137238D0AC7A}
	EndGlobalSection
EndGlobal
